PODS:
  - JustLogPlus (3.1.1):
    - SwiftyBeaver (~> 1.9.1)
  - SwiftyBeaver (1.9.1)

DEPENDENCIES:
  - JustLogPlus (from `../`)

SPEC REPOS:
  https://github.com/CocoaPods/Specs.git:
    - SwiftyBeaver

EXTERNAL SOURCES:
  JustLogPlus:
    :path: "../"

SPEC CHECKSUMS:
  JustLogPlus: 06cbbe319751a1ed13759ef9a7bd8d7b97c84f70
  SwiftyBeaver: a1f5691458561414bcfab51874b2b7445451602b

PODFILE CHECKSUM: e687a575b3e351f7d6f06048d438c0577d234423

COCOAPODS: 1.9.3
